// !$*UTF8*$!
{
	archiveVersion = 1;
	classes = {
	};
	objectVersion = 46;
	objects = {

/* Begin PBXBuildFile section */
		EAFA3B20194AB5BE0057429B /* Foundation.framework in Frameworks */ = {isa = PBXBuildFile; fileRef = EAFA3B1F194AB5BE0057429B /* Foundation.framework */; };
		EAFA3B22194AB5BE0057429B /* CoreGraphics.framework in Frameworks */ = {isa = PBXBuildFile; fileRef = EAFA3B21194AB5BE0057429B /* CoreGraphics.framework */; };
		EAFA3B24194AB5BE0057429B /* UIKit.framework in Frameworks */ = {isa = PBXBuildFile; fileRef = EAFA3B23194AB5BE0057429B /* UIKit.framework */; };
		EAFA3B2A194AB5BE0057429B /* InfoPlist.strings in Resources */ = {isa = PBXBuildFile; fileRef = EAFA3B28194AB5BE0057429B /* InfoPlist.strings */; };
		EAFA3B2C194AB5BE0057429B /* main.m in Sources */ = {isa = PBXBuildFile; fileRef = EAFA3B2B194AB5BE0057429B /* main.m */; };
		EAFA3B30194AB5BE0057429B /* AppDelegate.m in Sources */ = {isa = PBXBuildFile; fileRef = EAFA3B2F194AB5BE0057429B /* AppDelegate.m */; };
		EAFA3B33194AB5BE0057429B /* Main.storyboard in Resources */ = {isa = PBXBuildFile; fileRef = EAFA3B31194AB5BE0057429B /* Main.storyboard */; };
		EAFA3B36194AB5BE0057429B /* ViewController.m in Sources */ = {isa = PBXBuildFile; fileRef = EAFA3B35194AB5BE0057429B /* ViewController.m */; };
		EAFA3B38194AB5BE0057429B /* Images.xcassets in Resources */ = {isa = PBXBuildFile; fileRef = EAFA3B37194AB5BE0057429B /* Images.xcassets */; };
		EAFA3B3F194AB5BE0057429B /* XCTest.framework in Frameworks */ = {isa = PBXBuildFile; fileRef = EAFA3B3E194AB5BE0057429B /* XCTest.framework */; };
		EAFA3B40194AB5BE0057429B /* Foundation.framework in Frameworks */ = {isa = PBXBuildFile; fileRef = EAFA3B1F194AB5BE0057429B /* Foundation.framework */; };
		EAFA3B41194AB5BE0057429B /* UIKit.framework in Frameworks */ = {isa = PBXBuildFile; fileRef = EAFA3B23194AB5BE0057429B /* UIKit.framework */; };
		EAFA3B49194AB5BE0057429B /* InfoPlist.strings in Resources */ = {isa = PBXBuildFile; fileRef = EAFA3B47194AB5BE0057429B /* InfoPlist.strings */; };
		EAFA3B4B194AB5BE0057429B /* FlappyBirdTests.m in Sources */ = {isa = PBXBuildFile; fileRef = EAFA3B4A194AB5BE0057429B /* FlappyBirdTests.m */; };
		EAFA3B59194AB66C0057429B /* BirdDown.png in Resources */ = {isa = PBXBuildFile; fileRef = EAFA3B54194AB66C0057429B /* BirdDown.png */; };
		EAFA3B5A194AB66C0057429B /* BirdUp.png in Resources */ = {isa = PBXBuildFile; fileRef = EAFA3B55194AB66C0057429B /* BirdUp.png */; };
		EAFA3B5B194AB66C0057429B /* GameBack.png in Resources */ = {isa = PBXBuildFile; fileRef = EAFA3B56194AB66C0057429B /* GameBack.png */; };
		EAFA3B5C194AB66C0057429B /* MainMenu.png in Resources */ = {isa = PBXBuildFile; fileRef = EAFA3B57194AB66C0057429B /* MainMenu.png */; };
		EAFA3B5D194AB66C0057429B /* Tunnel.png in Resources */ = {isa = PBXBuildFile; fileRef = EAFA3B58194AB66C0057429B /* Tunnel.png */; };
		EAFA3B5F194AB70E0057429B /* doc in Resources */ = {isa = PBXBuildFile; fileRef = EAFA3B5E194AB70E0057429B /* doc */; };
		EAFA3B61194AB7230057429B /* README.md in Resources */ = {isa = PBXBuildFile; fileRef = EAFA3B60194AB7230057429B /* README.md */; };
		EAFA3B64194ACFD10057429B /* Game.m in Sources */ = {isa = PBXBuildFile; fileRef = EAFA3B63194ACFD10057429B /* Game.m */; };
/* End PBXBuildFile section */

/* Begin PBXContainerItemProxy section */
		EAFA3B42194AB5BE0057429B /* PBXContainerItemProxy */ = {
			isa = PBXContainerItemProxy;
			containerPortal = EAFA3B14194AB5BE0057429B /* Project object */;
			proxyType = 1;
			remoteGlobalIDString = EAFA3B1B194AB5BE0057429B;
			remoteInfo = FlappyBird;
		};
/* End PBXContainerItemProxy section */

/* Begin PBXFileReference section */
		EAFA3B1C194AB5BE0057429B /* FlappyBird.app */ = {isa = PBXFileReference; explicitFileType = wrapper.application; includeInIndex = 0; path = FlappyBird.app; sourceTree = BUILT_PRODUCTS_DIR; };
		EAFA3B1F194AB5BE0057429B /* Foundation.framework */ = {isa = PBXFileReference; lastKnownFileType = wrapper.framework; name = Foundation.framework; path = System/Library/Frameworks/Foundation.framework; sourceTree = SDKROOT; };
		EAFA3B21194AB5BE0057429B /* CoreGraphics.framework */ = {isa = PBXFileReference; lastKnownFileType = wrapper.framework; name = CoreGraphics.framework; path = System/Library/Frameworks/CoreGraphics.framework; sourceTree = SDKROOT; };
		EAFA3B23194AB5BE0057429B /* UIKit.framework */ = {isa = PBXFileReference; lastKnownFileType = wrapper.framework; name = UIKit.framework; path = System/Library/Frameworks/UIKit.framework; sourceTree = SDKROOT; };
		EAFA3B27194AB5BE0057429B /* FlappyBird-Info.plist */ = {isa = PBXFileReference; lastKnownFileType = text.plist.xml; path = "FlappyBird-Info.plist"; sourceTree = "<group>"; };
		EAFA3B29194AB5BE0057429B /* en */ = {isa = PBXFileReference; lastKnownFileType = text.plist.strings; name = en; path = en.lproj/InfoPlist.strings; sourceTree = "<group>"; };
		EAFA3B2B194AB5BE0057429B /* main.m */ = {isa = PBXFileReference; lastKnownFileType = sourcecode.c.objc; path = main.m; sourceTree = "<group>"; };
		EAFA3B2D194AB5BE0057429B /* FlappyBird-Prefix.pch */ = {isa = PBXFileReference; lastKnownFileType = sourcecode.c.h; path = "FlappyBird-Prefix.pch"; sourceTree = "<group>"; };
		EAFA3B2E194AB5BE0057429B /* AppDelegate.h */ = {isa = PBXFileReference; lastKnownFileType = sourcecode.c.h; path = AppDelegate.h; sourceTree = "<group>"; };
		EAFA3B2F194AB5BE0057429B /* AppDelegate.m */ = {isa = PBXFileReference; lastKnownFileType = sourcecode.c.objc; path = AppDelegate.m; sourceTree = "<group>"; };
		EAFA3B32194AB5BE0057429B /* Base */ = {isa = PBXFileReference; lastKnownFileType = file.storyboard; name = Base; path = Base.lproj/Main.storyboard; sourceTree = "<group>"; };
		EAFA3B34194AB5BE0057429B /* ViewController.h */ = {isa = PBXFileReference; lastKnownFileType = sourcecode.c.h; path = ViewController.h; sourceTree = "<group>"; };
		EAFA3B35194AB5BE0057429B /* ViewController.m */ = {isa = PBXFileReference; lastKnownFileType = sourcecode.c.objc; path = ViewController.m; sourceTree = "<group>"; };
		EAFA3B37194AB5BE0057429B /* Images.xcassets */ = {isa = PBXFileReference; lastKnownFileType = folder.assetcatalog; path = Images.xcassets; sourceTree = "<group>"; };
		EAFA3B3D194AB5BE0057429B /* FlappyBirdTests.xctest */ = {isa = PBXFileReference; explicitFileType = wrapper.cfbundle; includeInIndex = 0; path = FlappyBirdTests.xctest; sourceTree = BUILT_PRODUCTS_DIR; };
		EAFA3B3E194AB5BE0057429B /* XCTest.framework */ = {isa = PBXFileReference; lastKnownFileType = wrapper.framework; name = XCTest.framework; path = Library/Frameworks/XCTest.framework; sourceTree = DEVELOPER_DIR; };
		EAFA3B46194AB5BE0057429B /* FlappyBirdTests-Info.plist */ = {isa = PBXFileReference; lastKnownFileType = text.plist.xml; path = "FlappyBirdTests-Info.plist"; sourceTree = "<group>"; };
		EAFA3B48194AB5BE0057429B /* en */ = {isa = PBXFileReference; lastKnownFileType = text.plist.strings; name = en; path = en.lproj/InfoPlist.strings; sourceTree = "<group>"; };
		EAFA3B4A194AB5BE0057429B /* FlappyBirdTests.m */ = {isa = PBXFileReference; lastKnownFileType = sourcecode.c.objc; path = FlappyBirdTests.m; sourceTree = "<group>"; };
		EAFA3B54194AB66C0057429B /* BirdDown.png */ = {isa = PBXFileReference; lastKnownFileType = image.png; path = BirdDown.png; sourceTree = "<group>"; };
		EAFA3B55194AB66C0057429B /* BirdUp.png */ = {isa = PBXFileReference; lastKnownFileType = image.png; path = BirdUp.png; sourceTree = "<group>"; };
		EAFA3B56194AB66C0057429B /* GameBack.png */ = {isa = PBXFileReference; lastKnownFileType = image.png; path = GameBack.png; sourceTree = "<group>"; };
		EAFA3B57194AB66C0057429B /* MainMenu.png */ = {isa = PBXFileReference; lastKnownFileType = image.png; path = MainMenu.png; sourceTree = "<group>"; };
		EAFA3B58194AB66C0057429B /* Tunnel.png */ = {isa = PBXFileReference; lastKnownFileType = image.png; path = Tunnel.png; sourceTree = "<group>"; };
		EAFA3B5E194AB70E0057429B /* doc */ = {isa = PBXFileReference; lastKnownFileType = folder; path = doc; sourceTree = "<group>"; };
		EAFA3B60194AB7230057429B /* README.md */ = {isa = PBXFileReference; fileEncoding = 4; lastKnownFileType = text; path = README.md; sourceTree = "<group>"; };
		EAFA3B62194ACFD10057429B /* Game.h */ = {isa = PBXFileReference; fileEncoding = 4; lastKnownFileType = sourcecode.c.h; path = Game.h; sourceTree = "<group>"; };
		EAFA3B63194ACFD10057429B /* Game.m */ = {isa = PBXFileReference; fileEncoding = 4; lastKnownFileType = sourcecode.c.objc; path = Game.m; sourceTree = "<group>"; };
/* End PBXFileReference section */

/* Begin PBXFrameworksBuildPhase section */
		EAFA3B19194AB5BE0057429B /* Frameworks */ = {
			isa = PBXFrameworksBuildPhase;
			buildActionMask = 2147483647;
			files = (
				EAFA3B22194AB5BE0057429B /* CoreGraphics.framework in Frameworks */,
				EAFA3B24194AB5BE0057429B /* UIKit.framework in Frameworks */,
				EAFA3B20194AB5BE0057429B /* Foundation.framework in Frameworks */,
			);
			runOnlyForDeploymentPostprocessing = 0;
		};
		EAFA3B3A194AB5BE0057429B /* Frameworks */ = {
			isa = PBXFrameworksBuildPhase;
			buildActionMask = 2147483647;
			files = (
				EAFA3B3F194AB5BE0057429B /* XCTest.framework in Frameworks */,
				EAFA3B41194AB5BE0057429B /* UIKit.framework in Frameworks */,
				EAFA3B40194AB5BE0057429B /* Foundation.framework in Frameworks */,
			);
			runOnlyForDeploymentPostprocessing = 0;
		};
/* End PBXFrameworksBuildPhase section */

/* Begin PBXGroup section */
		EAFA3B13194AB5BE0057429B = {
			isa = PBXGroup;
			children = (
				EAFA3B60194AB7230057429B /* README.md */,
				EAFA3B25194AB5BE0057429B /* FlappyBird */,
				EAFA3B44194AB5BE0057429B /* FlappyBirdTests */,
				EAFA3B1E194AB5BE0057429B /* Frameworks */,
				EAFA3B1D194AB5BE0057429B /* Products */,
				EAFA3B5E194AB70E0057429B /* doc */,
			);
			sourceTree = "<group>";
		};
		EAFA3B1D194AB5BE0057429B /* Products */ = {
			isa = PBXGroup;
			children = (
				EAFA3B1C194AB5BE0057429B /* FlappyBird.app */,
				EAFA3B3D194AB5BE0057429B /* FlappyBirdTests.xctest */,
			);
			name = Products;
			sourceTree = "<group>";
		};
		EAFA3B1E194AB5BE0057429B /* Frameworks */ = {
			isa = PBXGroup;
			children = (
				EAFA3B1F194AB5BE0057429B /* Foundation.framework */,
				EAFA3B21194AB5BE0057429B /* CoreGraphics.framework */,
				EAFA3B23194AB5BE0057429B /* UIKit.framework */,
				EAFA3B3E194AB5BE0057429B /* XCTest.framework */,
			);
			name = Frameworks;
			sourceTree = "<group>";
		};
		EAFA3B25194AB5BE0057429B /* FlappyBird */ = {
			isa = PBXGroup;
			children = (
				EAFA3B2E194AB5BE0057429B /* AppDelegate.h */,
				EAFA3B2F194AB5BE0057429B /* AppDelegate.m */,
				EAFA3B31194AB5BE0057429B /* Main.storyboard */,
				EAFA3B34194AB5BE0057429B /* ViewController.h */,
				EAFA3B35194AB5BE0057429B /* ViewController.m */,
				EAFA3B62194ACFD10057429B /* Game.h */,
				EAFA3B63194ACFD10057429B /* Game.m */,
				EAFA3B37194AB5BE0057429B /* Images.xcassets */,
				EAFA3B26194AB5BE0057429B /* Supporting Files */,
			);
			path = FlappyBird;
			sourceTree = "<group>";
		};
		EAFA3B26194AB5BE0057429B /* Supporting Files */ = {
			isa = PBXGroup;
			children = (
				EAFA3B54194AB66C0057429B /* BirdDown.png */,
				EAFA3B55194AB66C0057429B /* BirdUp.png */,
				EAFA3B56194AB66C0057429B /* GameBack.png */,
				EAFA3B57194AB66C0057429B /* MainMenu.png */,
				EAFA3B58194AB66C0057429B /* Tunnel.png */,
				EAFA3B27194AB5BE0057429B /* FlappyBird-Info.plist */,
				EAFA3B28194AB5BE0057429B /* InfoPlist.strings */,
				EAFA3B2B194AB5BE0057429B /* main.m */,
				EAFA3B2D194AB5BE0057429B /* FlappyBird-Prefix.pch */,
			);
			name = "Supporting Files";
			sourceTree = "<group>";
		};
		EAFA3B44194AB5BE0057429B /* FlappyBirdTests */ = {
			isa = PBXGroup;
			children = (
				EAFA3B4A194AB5BE0057429B /* FlappyBirdTests.m */,
				EAFA3B45194AB5BE0057429B /* Supporting Files */,
			);
			path = FlappyBirdTests;
			sourceTree = "<group>";
		};
		EAFA3B45194AB5BE0057429B /* Supporting Files */ = {
			isa = PBXGroup;
			children = (
				EAFA3B46194AB5BE0057429B /* FlappyBirdTests-Info.plist */,
				EAFA3B47194AB5BE0057429B /* InfoPlist.strings */,
			);
			name = "Supporting Files";
			sourceTree = "<group>";
		};
/* End PBXGroup section */

/* Begin PBXNativeTarget section */
		EAFA3B1B194AB5BE0057429B /* FlappyBird */ = {
			isa = PBXNativeTarget;
			buildConfigurationList = EAFA3B4E194AB5BE0057429B /* Build configuration list for PBXNativeTarget "FlappyBird" */;
			buildPhases = (
				EAFA3B18194AB5BE0057429B /* Sources */,
				EAFA3B19194AB5BE0057429B /* Frameworks */,
				EAFA3B1A194AB5BE0057429B /* Resources */,
			);
			buildRules = (
			);
			dependencies = (
			);
			name = FlappyBird;
			productName = FlappyBird;
			productReference = EAFA3B1C194AB5BE0057429B /* FlappyBird.app */;
			productType = "com.apple.product-type.application";
		};
		EAFA3B3C194AB5BE0057429B /* FlappyBirdTests */ = {
			isa = PBXNativeTarget;
			buildConfigurationList = EAFA3B51194AB5BE0057429B /* Build configuration list for PBXNativeTarget "FlappyBirdTests" */;
			buildPhases = (
				EAFA3B39194AB5BE0057429B /* Sources */,
				EAFA3B3A194AB5BE0057429B /* Frameworks */,
				EAFA3B3B194AB5BE0057429B /* Resources */,
			);
			buildRules = (
			);
			dependencies = (
				EAFA3B43194AB5BE0057429B /* PBXTargetDependency */,
			);
			name = FlappyBirdTests;
			productName = FlappyBirdTests;
			productReference = EAFA3B3D194AB5BE0057429B /* FlappyBirdTests.xctest */;
			productType = "com.apple.product-type.bundle.unit-test";
		};
/* End PBXNativeTarget section */

/* Begin PBXProject section */
		EAFA3B14194AB5BE0057429B /* Project object */ = {
			isa = PBXProject;
			attributes = {
				LastUpgradeCheck = 0510;
				ORGANIZATIONNAME = rootls;
				TargetAttributes = {
					EAFA3B3C194AB5BE0057429B = {
						TestTargetID = EAFA3B1B194AB5BE0057429B;
					};
				};
			};
			buildConfigurationList = EAFA3B17194AB5BE0057429B /* Build configuration list for PBXProject "FlappyBird" */;
			compatibilityVersion = "Xcode 3.2";
			developmentRegion = English;
			hasScannedForEncodings = 0;
			knownRegions = (
				en,
				Base,
			);
			mainGroup = EAFA3B13194AB5BE0057429B;
			productRefGroup = EAFA3B1D194AB5BE0057429B /* Products */;
			projectDirPath = "";
			projectRoot = "";
			targets = (
				EAFA3B1B194AB5BE0057429B /* FlappyBird */,
				EAFA3B3C194AB5BE0057429B /* FlappyBirdTests */,
			);
		};
/* End PBXProject section */

/* Begin PBXResourcesBuildPhase section */
		EAFA3B1A194AB5BE0057429B /* Resources */ = {
			isa = PBXResourcesBuildPhase;
			buildActionMask = 2147483647;
			files = (
				EAFA3B5F194AB70E0057429B /* doc in Resources */,
				EAFA3B59194AB66C0057429B /* BirdDown.png in Resources */,
				EAFA3B61194AB7230057429B /* README.md in Resources */,
				EAFA3B5C194AB66C0057429B /* MainMenu.png in Resources */,
				EAFA3B5A194AB66C0057429B /* BirdUp.png in Resources */,
				EAFA3B5D194AB66C0057429B /* Tunnel.png in Resources */,
				EAFA3B38194AB5BE0057429B /* Images.xcassets in Resources */,
				EAFA3B2A194AB5BE0057429B /* InfoPlist.strings in Resources */,
				EAFA3B5B194AB66C0057429B /* GameBack.png in Resources */,
				EAFA3B33194AB5BE0057429B /* Main.storyboard in Resources */,
			);
			runOnlyForDeploymentPostprocessing = 0;
		};
		EAFA3B3B194AB5BE0057429B /* Resources */ = {
			isa = PBXResourcesBuildPhase;
			buildActionMask = 2147483647;
			files = (
				EAFA3B49194AB5BE0057429B /* InfoPlist.strings in Resources */,
			);
			runOnlyForDeploymentPostprocessing = 0;
		};
/* End PBXResourcesBuildPhase section */

/* Begin PBXSourcesBuildPhase section */
		EAFA3B18194AB5BE0057429B /* Sources */ = {
			isa = PBXSourcesBuildPhase;
			buildActionMask = 2147483647;
			files = (
				EAFA3B36194AB5BE0057429B /* ViewController.m in Sources */,
				EAFA3B30194AB5BE0057429B /* AppDelegate.m in Sources */,
				EAFA3B2C194AB5BE0057429B /* main.m in Sources */,
				EAFA3B64194ACFD10057429B /* Game.m in Sources */,
			);
			runOnlyForDeploymentPostprocessing = 0;
		};
		EAFA3B39194AB5BE0057429B /* Sources */ = {
			isa = PBXSourcesBuildPhase;
			buildActionMask = 2147483647;
			files = (
				EAFA3B4B194AB5BE0057429B /* FlappyBirdTests.m in Sources */,
			);
			runOnlyForDeploymentPostprocessing = 0;
		};
/* End PBXSourcesBuildPhase section */

/* Begin PBXTargetDependency section */
		EAFA3B43194AB5BE0057429B /* PBXTargetDependency */ = {
			isa = PBXTargetDependency;
			target = EAFA3B1B194AB5BE0057429B /* FlappyBird */;
			targetProxy = EAFA3B42194AB5BE0057429B /* PBXContainerItemProxy */;
		};
/* End PBXTargetDependency section */

/* Begin PBXVariantGroup section */
		EAFA3B28194AB5BE0057429B /* InfoPlist.strings */ = {
			isa = PBXVariantGroup;
			children = (
				EAFA3B29194AB5BE0057429B /* en */,
			);
			name = InfoPlist.strings;
			sourceTree = "<group>";
		};
		EAFA3B31194AB5BE0057429B /* Main.storyboard */ = {
			isa = PBXVariantGroup;
			children = (
				EAFA3B32194AB5BE0057429B /* Base */,
			);
			name = Main.storyboard;
			sourceTree = "<group>";
		};
		EAFA3B47194AB5BE0057429B /* InfoPlist.strings */ = {
			isa = PBXVariantGroup;
			children = (
				EAFA3B48194AB5BE0057429B /* en */,
			);
			name = InfoPlist.strings;
			sourceTree = "<group>";
		};
/* End PBXVariantGroup section */

/* Begin XCBuildConfiguration section */
		EAFA3B4C194AB5BE0057429B /* Debug */ = {
			isa = XCBuildConfiguration;
			buildSettings = {
				ALWAYS_SEARCH_USER_PATHS = NO;
				CLANG_CXX_LANGUAGE_STANDARD = "gnu++0x";
				CLANG_CXX_LIBRARY = "libc++";
				CLANG_ENABLE_MODULES = YES;
				CLANG_ENABLE_OBJC_ARC = YES;
				CLANG_WARN_BOOL_CONVERSION = YES;
				CLANG_WARN_CONSTANT_CONVERSION = YES;
				CLANG_WARN_DIRECT_OBJC_ISA_USAGE = YES_ERROR;
				CLANG_WARN_EMPTY_BODY = YES;
				CLANG_WARN_ENUM_CONVERSION = YES;
				CLANG_WARN_INT_CONVERSION = YES;
				CLANG_WARN_OBJC_ROOT_CLASS = YES_ERROR;
				CLANG_WARN__DUPLICATE_METHOD_MATCH = YES;
				"CODE_SIGN_IDENTITY[sdk=iphoneos*]" = "iPhone Developer";
				COPY_PHASE_STRIP = NO;
				GCC_C_LANGUAGE_STANDARD = gnu99;
				GCC_DYNAMIC_NO_PIC = NO;
				GCC_OPTIMIZATION_LEVEL = 0;
				GCC_PREPROCESSOR_DEFINITIONS = (
					"DEBUG=1",
					"$(inherited)",
				);
				GCC_SYMBOLS_PRIVATE_EXTERN = NO;
				GCC_WARN_64_TO_32_BIT_CONVERSION = YES;
				GCC_WARN_ABOUT_RETURN_TYPE = YES_ERROR;
				GCC_WARN_UNDECLARED_SELECTOR = YES;
				GCC_WARN_UNINITIALIZED_AUTOS = YES_AGGRESSIVE;
				GCC_WARN_UNUSED_FUNCTION = YES;
				GCC_WARN_UNUSED_VARIABLE = YES;
				IPHONEOS_DEPLOYMENT_TARGET = 7.1;
				ONLY_ACTIVE_ARCH = YES;
				SDKROOT = iphoneos;
			};
			name = Debug;
		};
		EAFA3B4D194AB5BE0057429B /* Release */ = {
			isa = XCBuildConfiguration;
			buildSettings = {
				ALWAYS_SEARCH_USER_PATHS = NO;
				CLANG_CXX_LANGUAGE_STANDARD = "gnu++0x";
				CLANG_CXX_LIBRARY = "libc++";
				CLANG_ENABLE_MODULES = YES;
				CLANG_ENABLE_OBJC_ARC = YES;
				CLANG_WARN_BOOL_CONVERSION = YES;
				CLANG_WARN_CONSTANT_CONVERSION = YES;
				CLANG_WARN_DIRECT_OBJC_ISA_USAGE = YES_ERROR;
				CLANG_WARN_EMPTY_BODY = YES;
				CLANG_WARN_ENUM_CONVERSION = YES;
				CLANG_WARN_INT_CONVERSION = YES;
				CLANG_WARN_OBJC_ROOT_CLASS = YES_ERROR;
				CLANG_WARN__DUPLICATE_METHOD_MATCH = YES;
				"CODE_SIGN_IDENTITY[sdk=iphoneos*]" = "iPhone Developer";
				COPY_PHASE_STRIP = YES;
				ENABLE_NS_ASSERTIONS = NO;
				GCC_C_LANGUAGE_STANDARD = gnu99;
				GCC_WARN_64_TO_32_BIT_CONVERSION = YES;
				GCC_WARN_ABOUT_RETURN_TYPE = YES_ERROR;
				GCC_WARN_UNDECLARED_SELECTOR = YES;
				GCC_WARN_UNINITIALIZED_AUTOS = YES_AGGRESSIVE;
				GCC_WARN_UNUSED_FUNCTION = YES;
				GCC_WARN_UNUSED_VARIABLE = YES;
				IPHONEOS_DEPLOYMENT_TARGET = 7.1;
				SDKROOT = iphoneos;
				VALIDATE_PRODUCT = YES;
			};
			name = Release;
		};
		EAFA3B4F194AB5BE0057429B /* Debug */ = {
			isa = XCBuildConfiguration;
			buildSettings = {
				ASSETCATALOG_COMPILER_APPICON_NAME = AppIcon;
				ASSETCATALOG_COMPILER_LAUNCHIMAGE_NAME = LaunchImage;
				GCC_PRECOMPILE_PREFIX_HEADER = YES;
				GCC_PREFIX_HEADER = "FlappyBird/FlappyBird-Prefix.pch";
				INFOPLIST_FILE = "FlappyBird/FlappyBird-Info.plist";
				PRODUCT_NAME = "$(TARGET_NAME)";
				TARGETED_DEVICE_FAMILY = 1;
				WRAPPER_EXTENSION = app;
			};
			name = Debug;
		};
		EAFA3B50194AB5BE0057429B /* Release */ = {
			isa = XCBuildConfiguration;
			buildSettings = {
				ASSETCATALOG_COMPILER_APPICON_NAME = AppIcon;
				ASSETCATALOG_COMPILER_LAUNCHIMAGE_NAME = LaunchImage;
				GCC_PRECOMPILE_PREFIX_HEADER = YES;
				GCC_PREFIX_HEADER = "FlappyBird/FlappyBird-Prefix.pch";
				INFOPLIST_FILE = "FlappyBird/FlappyBird-Info.plist";
				PRODUCT_NAME = "$(TARGET_NAME)";
				TARGETED_DEVICE_FAMILY = 1;
				WRAPPER_EXTENSION = app;
			};
			name = Release;
		};
		EAFA3B52194AB5BE0057429B /* Debug */ = {
			isa = XCBuildConfiguration;
			buildSettings = {
				BUNDLE_LOADER = "$(BUILT_PRODUCTS_DIR)/FlappyBird.app/FlappyBird";
				FRAMEWORK_SEARCH_PATHS = (
					"$(SDKROOT)/Developer/Library/Frameworks",
					"$(inherited)",
					"$(DEVELOPER_FRAMEWORKS_DIR)",
				);
				GCC_PRECOMPILE_PREFIX_HEADER = YES;
				GCC_PREFIX_HEADER = "FlappyBird/FlappyBird-Prefix.pch";
				GCC_PREPROCESSOR_DEFINITIONS = (
					"DEBUG=1",
					"$(inherited)",
				);
				INFOPLIST_FILE = "FlappyBirdTests/FlappyBirdTests-Info.plist";
				PRODUCT_NAME = "$(TARGET_NAME)";
				TEST_HOST = "$(BUNDLE_LOADER)";
				WRAPPER_EXTENSION = xctest;
			};
			name = Debug;
		};
		EAFA3B53194AB5BE0057429B /* Release */ = {
			isa = XCBuildConfiguration;
			buildSettings = {
				BUNDLE_LOADER = "$(BUILT_PRODUCTS_DIR)/FlappyBird.app/FlappyBird";
				FRAMEWORK_SEARCH_PATHS = (
					"$(SDKROOT)/Developer/Library/Frameworks",
					"$(inherited)",
					"$(DEVELOPER_FRAMEWORKS_DIR)",
				);
				GCC_PRECOMPILE_PREFIX_HEADER = YES;
				GCC_PREFIX_HEADER = "FlappyBird/FlappyBird-Prefix.pch";
				INFOPLIST_FILE = "FlappyBirdTests/FlappyBirdTests-Info.plist";
				PRODUCT_NAME = "$(TARGET_NAME)";
				TEST_HOST = "$(BUNDLE_LOADER)";
				WRAPPER_EXTENSION = xctest;
			};
			name = Release;
		};
/* End XCBuildConfiguration section */

/* Begin XCConfigurationList section */
		EAFA3B17194AB5BE0057429B /* Build configuration list for PBXProject "FlappyBird" */ = {
			isa = XCConfigurationList;
			buildConfigurations = (
				EAFA3B4C194AB5BE0057429B /* Debug */,
				EAFA3B4D194AB5BE0057429B /* Release */,
			);
			defaultConfigurationIsVisible = 0;
			defaultConfigurationName = Release;
		};
		EAFA3B4E194AB5BE0057429B /* Build configuration list for PBXNativeTarget "FlappyBird" */ = {
			isa = XCConfigurationList;
			buildConfigurations = (
				EAFA3B4F194AB5BE0057429B /* Debug */,
				EAFA3B50194AB5BE0057429B /* Release */,
			);
			defaultConfigurationIsVisible = 0;
			defaultConfigurationName = Release;
		};
		EAFA3B51194AB5BE0057429B /* Build configuration list for PBXNativeTarget "FlappyBirdTests" */ = {
			isa = XCConfigurationList;
			buildConfigurations = (
				EAFA3B52194AB5BE0057429B /* Debug */,
				EAFA3B53194AB5BE0057429B /* Release */,
			);
			defaultConfigurationIsVisible = 0;
			defaultConfigurationName = Release;
		};
/* End XCConfigurationList section */
	};
	rootObject = EAFA3B14194AB5BE0057429B /* Project object */;
}
